
Microsoft Visual Studio Solution File, Format Version 12.00
# Visual Studio Version 17
VisualStudioVersion = 17.4.33213.308
MinimumVisualStudioVersion = 10.0.40219.1
Project("{FAE04EC0-301F-11D3-BF4B-00C04F79EFBC}") = "Workaround", "Workaround\Workaround.csproj", "{D6ACBE6E-9FCB-4A8B-99B3-4E1A04CB02CC}"
EndProject
Project("{FAE04EC0-301F-11D3-BF4B-00C04F79EFBC}") = "Entities", "Entities\Entities.csproj", "{96D2793B-5C61-4ED2-8B01-B40DC8A15707}"
EndProject
Project("{FAE04EC0-301F-11D3-BF4B-00C04F79EFBC}") = "Business", "Business\Business.csproj", "{208BF8FF-19C6-4B2A-95E6-813062458B4D}"
EndProject
Global
	GlobalSection(SolutionConfigurationPlatforms) = preSolution
		Debug|Any CPU = Debug|Any CPU
		Release|Any CPU = Release|Any CPU
	EndGlobalSection
	GlobalSection(ProjectConfigurationPlatforms) = postSolution
		{D6ACBE6E-9FCB-4A8B-99B3-4E1A04CB02CC}.Debug|Any CPU.ActiveCfg = Debug|Any CPU
		{D6ACBE6E-9FCB-4A8B-99B3-4E1A04CB02CC}.Debug|Any CPU.Build.0 = Debug|Any CPU
		{D6ACBE6E-9FCB-4A8B-99B3-4E1A04CB02CC}.Release|Any CPU.ActiveCfg = Release|Any CPU
		{D6ACBE6E-9FCB-4A8B-99B3-4E1A04CB02CC}.Release|Any CPU.Build.0 = Release|Any CPU
		{96D2793B-5C61-4ED2-8B01-B40DC8A15707}.Debug|Any CPU.ActiveCfg = Debug|Any CPU
		{96D2793B-5C61-4ED2-8B01-B40DC8A15707}.Debug|Any CPU.Build.0 = Debug|Any CPU
		{96D2793B-5C61-4ED2-8B01-B40DC8A15707}.Release|Any CPU.ActiveCfg = Release|Any CPU
		{96D2793B-5C61-4ED2-8B01-B40DC8A15707}.Release|Any CPU.Build.0 = Release|Any CPU
		{208BF8FF-19C6-4B2A-95E6-813062458B4D}.Debug|Any CPU.ActiveCfg = Debug|Any CPU
		{208BF8FF-19C6-4B2A-95E6-813062458B4D}.Debug|Any CPU.Build.0 = Debug|Any CPU
		{208BF8FF-19C6-4B2A-95E6-813062458B4D}.Release|Any CPU.ActiveCfg = Release|Any CPU
		{208BF8FF-19C6-4B2A-95E6-813062458B4D}.Release|Any CPU.Build.0 = Release|Any CPU
	EndGlobalSection
	GlobalSection(SolutionProperties) = preSolution
		HideSolutionNode = FALSE
	EndGlobalSection
	GlobalSection(ExtensibilityGlobals) = postSolution
		SolutionGuid = {3C73020D-17CD-4A32-91C5-C35D922124A5}
	EndGlobalSection
EndGlobal
